
Microsoft Visual Studio Solution File, Format Version 12.00
# Visual Studio 15
VisualStudioVersion = 15.0.28307.2017
MinimumVisualStudioVersion = 10.0.40219.1
Project("{62058905-DF06-4DBE-9902-BBEA2B232D55}") = "VINScanner", "VINScanner.vcxproj", "{CC65B638-42CA-4E27-BD4C-058C6299BB10}"
EndProject
Global
	GlobalSection(SolutionConfigurationPlatforms) = preSolution
		Debug|x64 = Debug|x64
		Debug|x86 = Debug|x86
		Release|x64 = Release|x64
		Release|x86 = Release|x86
	EndGlobalSection
	GlobalSection(ProjectConfigurationPlatforms) = postSolution
		{CC65B638-42CA-4E27-BD4C-058C6299BB10}.Debug|x64.ActiveCfg = Debug|x64
		{CC65B638-42CA-4E27-BD4C-058C6299BB10}.Debug|x64.Build.0 = Debug|x64
		{CC65B638-42CA-4E27-BD4C-058C6299BB10}.Debug|x86.ActiveCfg = Debug|x64
		{CC65B638-42CA-4E27-BD4C-058C6299BB10}.Debug|x86.Build.0 = Debug|x64
		{CC65B638-42CA-4E27-BD4C-058C6299BB10}.Release|x64.ActiveCfg = Debug|x64
		{CC65B638-42CA-4E27-BD4C-058C6299BB10}.Release|x64.Build.0 = Debug|x64
		{CC65B638-42CA-4E27-BD4C-058C6299BB10}.Release|x86.ActiveCfg = Debug|x64
		{CC65B638-42CA-4E27-BD4C-058C6299BB10}.Release|x86.Build.0 = Debug|x64
	EndGlobalSection
	GlobalSection(SolutionProperties) = preSolution
		HideSolutionNode = FALSE
	EndGlobalSection
	GlobalSection(ExtensibilityGlobals) = postSolution
		SolutionGuid = {C8E39BE0-C839-4777-9E2E-1C562BC40AD7}
	EndGlobalSection
EndGlobal
